
Microsoft Visual Studio Solution File, Format Version 10.00
# Visual C++ Express 2008
Project("{8BC9CEB8-8B4A-11D0-8D11-00A0C91BC942}") = "p9c", "p9c.vcproj", "{5A07CF3B-7730-4D15-B6DB-8A1394FA055C}"
EndProject
Global
	GlobalSection(SolutionConfigurationPlatforms) = preSolution
		Debug|Win32 = Debug|Win32
		Release|Win32 = Release|Win32
	EndGlobalSection
	GlobalSection(ProjectConfigurationPlatforms) = postSolution
		{5A07CF3B-7730-4D15-B6DB-8A1394FA055C}.Debug|Win32.ActiveCfg = Debug|Win32
		{5A07CF3B-7730-4D15-B6DB-8A1394FA055C}.Debug|Win32.Build.0 = Debug|Win32
		{5A07CF3B-7730-4D15-B6DB-8A1394FA055C}.Release|Win32.ActiveCfg = Release|Win32
		{5A07CF3B-7730-4D15-B6DB-8A1394FA055C}.Release|Win32.Build.0 = Release|Win32
	EndGlobalSection
	GlobalSection(SolutionProperties) = preSolution
		HideSolutionNode = FALSE
	EndGlobalSection
EndGlobal
